// !$*UTF8*$!
{
	archiveVersion = 1;
	classes = {
	};
	objectVersion = 50;
	objects = {

/* Begin PBXBuildFile section */
		DA2A2B5B2419BE7C003F475F /* AppDelegate.swift in Sources */ = {isa = PBXBuildFile; fileRef = DA2A2B5A2419BE7C003F475F /* AppDelegate.swift */; };
		DA2A2B5D2419BE7C003F475F /* SceneDelegate.swift in Sources */ = {isa = PBXBuildFile; fileRef = DA2A2B5C2419BE7C003F475F /* SceneDelegate.swift */; };
		DA2A2B5F2419BE7C003F475F /* ViewController.swift in Sources */ = {isa = PBXBuildFile; fileRef = DA2A2B5E2419BE7C003F475F /* ViewController.swift */; };
		DA2A2B622419BE7C003F475F /* Main.storyboard in Resources */ = {isa = PBXBuildFile; fileRef = DA2A2B602419BE7C003F475F /* Main.storyboard */; };
		DA2A2B642419BE87003F475F /* Assets.xcassets in Resources */ = {isa = PBXBuildFile; fileRef = DA2A2B632419BE87003F475F /* Assets.xcassets */; };
		DA2A2B672419BE87003F475F /* LaunchScreen.storyboard in Resources */ = {isa = PBXBuildFile; fileRef = DA2A2B652419BE87003F475F /* LaunchScreen.storyboard */; };
		DA73BE672419D12800EEC3F8 /* Finance.swift in Sources */ = {isa = PBXBuildFile; fileRef = DA73BE662419D12800EEC3F8 /* Finance.swift */; };
/* End PBXBuildFile section */

/* Begin PBXFileReference section */
		DA2A2B572419BE7C003F475F /* Perspectiva.app */ = {isa = PBXFileReference; explicitFileType = wrapper.application; includeInIndex = 0; path = Perspectiva.app; sourceTree = BUILT_PRODUCTS_DIR; };
		DA2A2B5A2419BE7C003F475F /* AppDelegate.swift */ = {isa = PBXFileReference; lastKnownFileType = sourcecode.swift; path = AppDelegate.swift; sourceTree = "<group>"; };
		DA2A2B5C2419BE7C003F475F /* SceneDelegate.swift */ = {isa = PBXFileReference; lastKnownFileType = sourcecode.swift; path = SceneDelegate.swift; sourceTree = "<group>"; };
		DA2A2B5E2419BE7C003F475F /* ViewController.swift */ = {isa = PBXFileReference; lastKnownFileType = sourcecode.swift; path = ViewController.swift; sourceTree = "<group>"; };
		DA2A2B612419BE7C003F475F /* Base */ = {isa = PBXFileReference; lastKnownFileType = file.storyboard; name = Base; path = Base.lproj/Main.storyboard; sourceTree = "<group>"; };
		DA2A2B632419BE87003F475F /* Assets.xcassets */ = {isa = PBXFileReference; lastKnownFileType = folder.assetcatalog; path = Assets.xcassets; sourceTree = "<group>"; };
		DA2A2B662419BE87003F475F /* Base */ = {isa = PBXFileReference; lastKnownFileType = file.storyboard; name = Base; path = Base.lproj/LaunchScreen.storyboard; sourceTree = "<group>"; };
		DA2A2B682419BE87003F475F /* Info.plist */ = {isa = PBXFileReference; lastKnownFileType = text.plist.xml; path = Info.plist; sourceTree = "<group>"; };
		DA73BE662419D12800EEC3F8 /* Finance.swift */ = {isa = PBXFileReference; lastKnownFileType = sourcecode.swift; path = Finance.swift; sourceTree = "<group>"; };
/* End PBXFileReference section */

/* Begin PBXFrameworksBuildPhase section */
		DA2A2B542419BE7C003F475F /* Frameworks */ = {
			isa = PBXFrameworksBuildPhase;
			buildActionMask = 2147483647;
			files = (
			);
			runOnlyForDeploymentPostprocessing = 0;
		};
/* End PBXFrameworksBuildPhase section */

/* Begin PBXGroup section */
		DA2A2B4E2419BE7C003F475F = {
			isa = PBXGroup;
			children = (
				DA2A2B592419BE7C003F475F /* Perspectiva */,
				DA2A2B582419BE7C003F475F /* Products */,
			);
			sourceTree = "<group>";
		};
		DA2A2B582419BE7C003F475F /* Products */ = {
			isa = PBXGroup;
			children = (
				DA2A2B572419BE7C003F475F /* Perspectiva.app */,
			);
			name = Products;
			sourceTree = "<group>";
		};
		DA2A2B592419BE7C003F475F /* Perspectiva */ = {
			isa = PBXGroup;
			children = (
				DA2A2B5A2419BE7C003F475F /* AppDelegate.swift */,
				DA2A2B5C2419BE7C003F475F /* SceneDelegate.swift */,
				DA2A2B5E2419BE7C003F475F /* ViewController.swift */,
				DA2A2B602419BE7C003F475F /* Main.storyboard */,
				DA2A2B632419BE87003F475F /* Assets.xcassets */,
				DA2A2B652419BE87003F475F /* LaunchScreen.storyboard */,
				DA2A2B682419BE87003F475F /* Info.plist */,
				DA73BE662419D12800EEC3F8 /* Finance.swift */,
			);
			path = Perspectiva;
			sourceTree = "<group>";
		};
/* End PBXGroup section */

/* Begin PBXNativeTarget section */
		DA2A2B562419BE7C003F475F /* Perspectiva */ = {
			isa = PBXNativeTarget;
			buildConfigurationList = DA2A2B6B2419BE87003F475F /* Build configuration list for PBXNativeTarget "Perspectiva" */;
			buildPhases = (
				DA2A2B532419BE7C003F475F /* Sources */,
				DA2A2B542419BE7C003F475F /* Frameworks */,
				DA2A2B552419BE7C003F475F /* Resources */,
			);
			buildRules = (
			);
			dependencies = (
			);
			name = Perspectiva;
			productName = Perspectiva;
			productReference = DA2A2B572419BE7C003F475F /* Perspectiva.app */;
			productType = "com.apple.product-type.application";
		};
/* End PBXNativeTarget section */

/* Begin PBXProject section */
		DA2A2B4F2419BE7C003F475F /* Project object */ = {
			isa = PBXProject;
			attributes = {
				LastSwiftUpdateCheck = 1130;
				LastUpgradeCheck = 1130;
				ORGANIZATIONNAME = Mayara;
				TargetAttributes = {
					DA2A2B562419BE7C003F475F = {
						CreatedOnToolsVersion = 11.3.1;
					};
				};
			};
			buildConfigurationList = DA2A2B522419BE7C003F475F /* Build configuration list for PBXProject "Perspectiva" */;
			compatibilityVersion = "Xcode 9.3";
			developmentRegion = en;
			hasScannedForEncodings = 0;
			knownRegions = (
				en,
				Base,
			);
			mainGroup = DA2A2B4E2419BE7C003F475F;
			productRefGroup = DA2A2B582419BE7C003F475F /* Products */;
			projectDirPath = "";
			projectRoot = "";
			targets = (
				DA2A2B562419BE7C003F475F /* Perspectiva */,
			);
		};
/* End PBXProject section */

/* Begin PBXResourcesBuildPhase section */
		DA2A2B552419BE7C003F475F /* Resources */ = {
			isa = PBXResourcesBuildPhase;
			buildActionMask = 2147483647;
			files = (
				DA2A2B672419BE87003F475F /* LaunchScreen.storyboard in Resources */,
				DA2A2B642419BE87003F475F /* Assets.xcassets in Resources */,
				DA2A2B622419BE7C003F475F /* Main.storyboard in Resources */,
			);
			runOnlyForDeploymentPostprocessing = 0;
		};
/* End PBXResourcesBuildPhase section */

/* Begin PBXSourcesBuildPhase section */
		DA2A2B532419BE7C003F475F /* Sources */ = {
			isa = PBXSourcesBuildPhase;
			buildActionMask = 2147483647;
			files = (
				DA73BE672419D12800EEC3F8 /* Finance.swift in Sources */,
				DA2A2B5F2419BE7C003F475F /* ViewController.swift in Sources */,
				DA2A2B5B2419BE7C003F475F /* AppDelegate.swift in Sources */,
				DA2A2B5D2419BE7C003F475F /* SceneDelegate.swift in Sources */,
			);
			runOnlyForDeploymentPostprocessing = 0;
		};
/* End PBXSourcesBuildPhase section */

/* Begin PBXVariantGroup section */
		DA2A2B602419BE7C003F475F /* Main.storyboard */ = {
			isa = PBXVariantGroup;
			children = (
				DA2A2B612419BE7C003F475F /* Base */,
			);
			name = Main.storyboard;
			sourceTree = "<group>";
		};
		DA2A2B652419BE87003F475F /* LaunchScreen.storyboard */ = {
			isa = PBXVariantGroup;
			children = (
				DA2A2B662419BE87003F475F /* Base */,
			);
			name = LaunchScreen.storyboard;
			sourceTree = "<group>";
		};
/* End PBXVariantGroup section */

/* Begin XCBuildConfiguration section */
		DA2A2B692419BE87003F475F /* Debug */ = {
			isa = XCBuildConfiguration;
			buildSettings = {
				ALWAYS_SEARCH_USER_PATHS = NO;
				CLANG_ANALYZER_NONNULL = YES;
				CLANG_ANALYZER_NUMBER_OBJECT_CONVERSION = YES_AGGRESSIVE;
				CLANG_CXX_LANGUAGE_STANDARD = "gnu++14";
				CLANG_CXX_LIBRARY = "libc++";
				CLANG_ENABLE_MODULES = YES;
				CLANG_ENABLE_OBJC_ARC = YES;
				CLANG_ENABLE_OBJC_WEAK = YES;
				CLANG_WARN_BLOCK_CAPTURE_AUTORELEASING = YES;
				CLANG_WARN_BOOL_CONVERSION = YES;
				CLANG_WARN_COMMA = YES;
				CLANG_WARN_CONSTANT_CONVERSION = YES;
				CLANG_WARN_DEPRECATED_OBJC_IMPLEMENTATIONS = YES;
				CLANG_WARN_DIRECT_OBJC_ISA_USAGE = YES_ERROR;
				CLANG_WARN_DOCUMENTATION_COMMENTS = YES;
				CLANG_WARN_EMPTY_BODY = YES;
				CLANG_WARN_ENUM_CONVERSION = YES;
				CLANG_WARN_INFINITE_RECURSION = YES;
				CLANG_WARN_INT_CONVERSION = YES;
				CLANG_WARN_NON_LITERAL_NULL_CONVERSION = YES;
				CLANG_WARN_OBJC_IMPLICIT_RETAIN_SELF = YES;
				CLANG_WARN_OBJC_LITERAL_CONVERSION = YES;
				CLANG_WARN_OBJC_ROOT_CLASS = YES_ERROR;
				CLANG_WARN_RANGE_LOOP_ANALYSIS = YES;
				CLANG_WARN_STRICT_PROTOTYPES = YES;
				CLANG_WARN_SUSPICIOUS_MOVE = YES;
				CLANG_WARN_UNGUARDED_AVAILABILITY = YES_AGGRESSIVE;
				CLANG_WARN_UNREACHABLE_CODE = YES;
				CLANG_WARN__DUPLICATE_METHOD_MATCH = YES;
				COPY_PHASE_STRIP = NO;
				DEBUG_INFORMATION_FORMAT = dwarf;
				ENABLE_STRICT_OBJC_MSGSEND = YES;
				ENABLE_TESTABILITY = YES;
				GCC_C_LANGUAGE_STANDARD = gnu11;
				GCC_DYNAMIC_NO_PIC = NO;
				GCC_NO_COMMON_BLOCKS = YES;
				GCC_OPTIMIZATION_LEVEL = 0;
				GCC_PREPROCESSOR_DEFINITIONS = (
					"DEBUG=1",
					"$(inherited)",
				);
				GCC_WARN_64_TO_32_BIT_CONVERSION = YES;
				GCC_WARN_ABOUT_RETURN_TYPE = YES_ERROR;
				GCC_WARN_UNDECLARED_SELECTOR = YES;
				GCC_WARN_UNINITIALIZED_AUTOS = YES_AGGRESSIVE;
				GCC_WARN_UNUSED_FUNCTION = YES;
				GCC_WARN_UNUSED_VARIABLE = YES;
				IPHONEOS_DEPLOYMENT_TARGET = 13.2;
				MTL_ENABLE_DEBUG_INFO = INCLUDE_SOURCE;
				MTL_FAST_MATH = YES;
				ONLY_ACTIVE_ARCH = YES;
				SDKROOT = iphoneos;
				SWIFT_ACTIVE_COMPILATION_CONDITIONS = DEBUG;
				SWIFT_OPTIMIZATION_LEVEL = "-Onone";
			};
			name = Debug;
		};
		DA2A2B6A2419BE87003F475F /* Release */ = {
			isa = XCBuildConfiguration;
			buildSettings = {
				ALWAYS_SEARCH_USER_PATHS = NO;
				CLANG_ANALYZER_NONNULL = YES;
				CLANG_ANALYZER_NUMBER_OBJECT_CONVERSION = YES_AGGRESSIVE;
				CLANG_CXX_LANGUAGE_STANDARD = "gnu++14";
				CLANG_CXX_LIBRARY = "libc++";
				CLANG_ENABLE_MODULES = YES;
				CLANG_ENABLE_OBJC_ARC = YES;
				CLANG_ENABLE_OBJC_WEAK = YES;
				CLANG_WARN_BLOCK_CAPTURE_AUTORELEASING = YES;
				CLANG_WARN_BOOL_CONVERSION = YES;
				CLANG_WARN_COMMA = YES;
				CLANG_WARN_CONSTANT_CONVERSION = YES;
				CLANG_WARN_DEPRECATED_OBJC_IMPLEMENTATIONS = YES;
				CLANG_WARN_DIRECT_OBJC_ISA_USAGE = YES_ERROR;
				CLANG_WARN_DOCUMENTATION_COMMENTS = YES;
				CLANG_WARN_EMPTY_BODY = YES;
				CLANG_WARN_ENUM_CONVERSION = YES;
				CLANG_WARN_INFINITE_RECURSION = YES;
				CLANG_WARN_INT_CONVERSION = YES;
				CLANG_WARN_NON_LITERAL_NULL_CONVERSION = YES;
				CLANG_WARN_OBJC_IMPLICIT_RETAIN_SELF = YES;
				CLANG_WARN_OBJC_LITERAL_CONVERSION = YES;
				CLANG_WARN_OBJC_ROOT_CLASS = YES_ERROR;
				CLANG_WARN_RANGE_LOOP_ANALYSIS = YES;
				CLANG_WARN_STRICT_PROTOTYPES = YES;
				CLANG_WARN_SUSPICIOUS_MOVE = YES;
				CLANG_WARN_UNGUARDED_AVAILABILITY = YES_AGGRESSIVE;
				CLANG_WARN_UNREACHABLE_CODE = YES;
				CLANG_WARN__DUPLICATE_METHOD_MATCH = YES;
				COPY_PHASE_STRIP = NO;
				DEBUG_INFORMATION_FORMAT = "dwarf-with-dsym";
				ENABLE_NS_ASSERTIONS = NO;
				ENABLE_STRICT_OBJC_MSGSEND = YES;
				GCC_C_LANGUAGE_STANDARD = gnu11;
				GCC_NO_COMMON_BLOCKS = YES;
				GCC_WARN_64_TO_32_BIT_CONVERSION = YES;
				GCC_WARN_ABOUT_RETURN_TYPE = YES_ERROR;
				GCC_WARN_UNDECLARED_SELECTOR = YES;
				GCC_WARN_UNINITIALIZED_AUTOS = YES_AGGRESSIVE;
				GCC_WARN_UNUSED_FUNCTION = YES;
				GCC_WARN_UNUSED_VARIABLE = YES;
				IPHONEOS_DEPLOYMENT_TARGET = 13.2;
				MTL_ENABLE_DEBUG_INFO = NO;
				MTL_FAST_MATH = YES;
				SDKROOT = iphoneos;
				SWIFT_COMPILATION_MODE = wholemodule;
				SWIFT_OPTIMIZATION_LEVEL = "-O";
				VALIDATE_PRODUCT = YES;
			};
			name = Release;
		};
		DA2A2B6C2419BE87003F475F /* Debug */ = {
			isa = XCBuildConfiguration;
			buildSettings = {
				ASSETCATALOG_COMPILER_APPICON_NAME = AppIcon;
				CODE_SIGN_STYLE = Automatic;
				DEVELOPMENT_TEAM = 4G4ZDQ5875;
				INFOPLIST_FILE = Perspectiva/Info.plist;
				LD_RUNPATH_SEARCH_PATHS = (
					"$(inherited)",
					"@executable_path/Frameworks",
				);
				PRODUCT_BUNDLE_IDENTIFIER = Mayara.Perspectiva;
				PRODUCT_NAME = "$(TARGET_NAME)";
				SWIFT_VERSION = 5.0;
				TARGETED_DEVICE_FAMILY = "1,2";
			};
			name = Debug;
		};
		DA2A2B6D2419BE87003F475F /* Release */ = {
			isa = XCBuildConfiguration;
			buildSettings = {
				ASSETCATALOG_COMPILER_APPICON_NAME = AppIcon;
				CODE_SIGN_STYLE = Automatic;
				DEVELOPMENT_TEAM = 4G4ZDQ5875;
				INFOPLIST_FILE = Perspectiva/Info.plist;
				LD_RUNPATH_SEARCH_PATHS = (
					"$(inherited)",
					"@executable_path/Frameworks",
				);
				PRODUCT_BUNDLE_IDENTIFIER = Mayara.Perspectiva;
				PRODUCT_NAME = "$(TARGET_NAME)";
				SWIFT_VERSION = 5.0;
				TARGETED_DEVICE_FAMILY = "1,2";
			};
			name = Release;
		};
/* End XCBuildConfiguration section */

/* Begin XCConfigurationList section */
		DA2A2B522419BE7C003F475F /* Build configuration list for PBXProject "Perspectiva" */ = {
			isa = XCConfigurationList;
			buildConfigurations = (
				DA2A2B692419BE87003F475F /* Debug */,
				DA2A2B6A2419BE87003F475F /* Release */,
			);
			defaultConfigurationIsVisible = 0;
			defaultConfigurationName = Release;
		};
		DA2A2B6B2419BE87003F475F /* Build configuration list for PBXNativeTarget "Perspectiva" */ = {
			isa = XCConfigurationList;
			buildConfigurations = (
				DA2A2B6C2419BE87003F475F /* Debug */,
				DA2A2B6D2419BE87003F475F /* Release */,
			);
			defaultConfigurationIsVisible = 0;
			defaultConfigurationName = Release;
		};
/* End XCConfigurationList section */
	};
	rootObject = DA2A2B4F2419BE7C003F475F /* Project object */;
}
